PODS:
  - youtube-ios-player-helper (1.0.4)

DEPENDENCIES:
  - youtube-ios-player-helper (~> 1.0.4)

SPEC REPOS:
  trunk:
    - youtube-ios-player-helper

SPEC CHECKSUMS:
  youtube-ios-player-helper: e9b97535e816db3152179d84d999bc1807ecd689

PODFILE CHECKSUM: be60f49dd228f0547be759d0efef4021a6ef55dc

COCOAPODS: 1.11.3
